{
    "_readme": [
        "This file locks the dependencies of your project to a known state",
        "Read more about it at https://getcomposer.org/doc/01-basic-usage.md#installing-dependencies",
        "This file is @generated automatically"
    ],
    "content-hash": "f0931bcec38d1da6e4297e7d53a98c18",
    "packages": [
        {
            "name": "sofadesign/limonade",
            "version": "dev-master",
            "source": {
                "type": "git",
                "url": "https://github.com/sofadesign/limonade.git",
                "reference": "0c68b0adb81363c7512ada270d1b5064464fde04"
            },
            "dist": {
                "type": "zip",
                "url": "https://api.github.com/repos/sofadesign/limonade/zipball/0c68b0adb81363c7512ada270d1b5064464fde04",
                "reference": "0c68b0adb81363c7512ada270d1b5064464fde04",
                "shasum": ""
            },
            "default-branch": true,
            "type": "library",
            "autoload": {
                "files": [
                    "lib/limonade.php"
                ]
            },
            "notification-url": "https://packagist.org/downloads/",
            "description": "a PHP micro-framework",
            "homepage": "https://github.com/sofadesign/limonade",
            "keywords": [
                "microframework"
            ],
            "support": {
                "issues": "https://github.com/sofadesign/limonade/issues",
                "source": "https://github.com/sofadesign/limonade/tree/master"
            },
            "time": "2023-10-13T07:10:52+00:00"
        }
    ],
    "packages-dev": [],
    "aliases": [],
    "minimum-stability": "stable",
    "stability-flags": {
        "sofadesign/limonade": 20
    },
    "prefer-stable": false,
    "prefer-lowest": false,
    "platform": [],
    "platform-dev": [],
    "plugin-api-version": "2.3.0"
}
